
Microsoft Visual Studio Solution File, Format Version 12.00
# Visual Studio 15
Project("{FAE04EC0-301F-11D3-BF4B-00C04F79EFBC}") = "autovermietung", "autovermietung\autovermietung.csproj", "{58FC1C4F-0929-441B-B46D-E1876C8D0B86}"
EndProject
Project("{FAE04EC0-301F-11D3-BF4B-00C04F79EFBC}") = "streams", "streams\streams.csproj", "{AB62B743-A2D4-4201-B9AF-DA864B5D53D5}"
EndProject
Project("{FAE04EC0-301F-11D3-BF4B-00C04F79EFBC}") = "Serialization", "Serialization\Serialization.csproj", "{385EC6D6-A728-4C07-9C9A-3F622161EDAA}"
EndProject
Project("{FAE04EC0-301F-11D3-BF4B-00C04F79EFBC}") = "Serialize2", "Serialize2\Serialize2.csproj", "{49DE7A6F-F7D5-4401-8E78-DA7D846B1F9A}"
EndProject
Project("{FAE04EC0-301F-11D3-BF4B-00C04F79EFBC}") = "Serialize3", "Serialize3\Serialize3.csproj", "{7D3378DD-35FB-4953-953A-C4F6A1F46336}"
EndProject
Project("{FAE04EC0-301F-11D3-BF4B-00C04F79EFBC}") = "Interface_AbstractClass", "Interface_AbstractClass\Interface_AbstractClass.csproj", "{0D4C5C7F-1086-4B56-915B-4720CFAA71DA}"
EndProject
Project("{FAE04EC0-301F-11D3-BF4B-00C04F79EFBC}") = "Rental_Proj", "Rental_Proj\Rental_Proj.csproj", "{B996E77C-BE2A-4CF5-9061-4949F5DC7098}"
EndProject
Global
	GlobalSection(SolutionConfigurationPlatforms) = preSolution
		Debug|anycpu = Debug|anycpu
		Release|anycpu = Release|anycpu
	EndGlobalSection
	GlobalSection(ProjectConfigurationPlatforms) = postSolution
		{58FC1C4F-0929-441B-B46D-E1876C8D0B86}.Debug|anycpu.ActiveCfg = Debug|anycpu
		{58FC1C4F-0929-441B-B46D-E1876C8D0B86}.Debug|anycpu.Build.0 = Debug|anycpu
		{58FC1C4F-0929-441B-B46D-E1876C8D0B86}.Release|anycpu.ActiveCfg = Release|anycpu
		{58FC1C4F-0929-441B-B46D-E1876C8D0B86}.Release|anycpu.Build.0 = Release|anycpu
		{AB62B743-A2D4-4201-B9AF-DA864B5D53D5}.Debug|anycpu.ActiveCfg = Debug|anycpu
		{AB62B743-A2D4-4201-B9AF-DA864B5D53D5}.Debug|anycpu.Build.0 = Debug|anycpu
		{AB62B743-A2D4-4201-B9AF-DA864B5D53D5}.Release|anycpu.ActiveCfg = Release|anycpu
		{AB62B743-A2D4-4201-B9AF-DA864B5D53D5}.Release|anycpu.Build.0 = Release|anycpu
		{385EC6D6-A728-4C07-9C9A-3F622161EDAA}.Debug|anycpu.ActiveCfg = Debug|anycpu
		{385EC6D6-A728-4C07-9C9A-3F622161EDAA}.Debug|anycpu.Build.0 = Debug|anycpu
		{385EC6D6-A728-4C07-9C9A-3F622161EDAA}.Release|anycpu.ActiveCfg = Release|anycpu
		{385EC6D6-A728-4C07-9C9A-3F622161EDAA}.Release|anycpu.Build.0 = Release|anycpu
		{49DE7A6F-F7D5-4401-8E78-DA7D846B1F9A}.Debug|anycpu.ActiveCfg = Debug|anycpu
		{49DE7A6F-F7D5-4401-8E78-DA7D846B1F9A}.Debug|anycpu.Build.0 = Debug|anycpu
		{49DE7A6F-F7D5-4401-8E78-DA7D846B1F9A}.Release|anycpu.ActiveCfg = Release|anycpu
		{49DE7A6F-F7D5-4401-8E78-DA7D846B1F9A}.Release|anycpu.Build.0 = Release|anycpu
		{7D3378DD-35FB-4953-953A-C4F6A1F46336}.Debug|anycpu.ActiveCfg = Debug|anycpu
		{7D3378DD-35FB-4953-953A-C4F6A1F46336}.Debug|anycpu.Build.0 = Debug|anycpu
		{7D3378DD-35FB-4953-953A-C4F6A1F46336}.Release|anycpu.ActiveCfg = Release|anycpu
		{7D3378DD-35FB-4953-953A-C4F6A1F46336}.Release|anycpu.Build.0 = Release|anycpu
		{0D4C5C7F-1086-4B56-915B-4720CFAA71DA}.Debug|anycpu.ActiveCfg = Debug|anycpu
		{0D4C5C7F-1086-4B56-915B-4720CFAA71DA}.Debug|anycpu.Build.0 = Debug|anycpu
		{0D4C5C7F-1086-4B56-915B-4720CFAA71DA}.Release|anycpu.ActiveCfg = Release|anycpu
		{0D4C5C7F-1086-4B56-915B-4720CFAA71DA}.Release|anycpu.Build.0 = Release|anycpu
		{B996E77C-BE2A-4CF5-9061-4949F5DC7098}.Debug|anycpu.ActiveCfg = Debug|Any CPU
		{B996E77C-BE2A-4CF5-9061-4949F5DC7098}.Debug|anycpu.Build.0 = Debug|Any CPU
		{B996E77C-BE2A-4CF5-9061-4949F5DC7098}.Release|anycpu.ActiveCfg = Release|Any CPU
		{B996E77C-BE2A-4CF5-9061-4949F5DC7098}.Release|anycpu.Build.0 = Release|Any CPU
	EndGlobalSection
EndGlobal
